
Microsoft Visual Studio Solution File, Format Version 12.00
# Visual Studio Version 17
VisualStudioVersion = 17.4.33110.190
MinimumVisualStudioVersion = 10.0.40219.1
Project("{FAE04EC0-301F-11D3-BF4B-00C04F79EFBC}") = "Fabel.EcsEngine", "Fabel.EcsEngine\Fabel.EcsEngine.csproj", "{747A39C6-B0DF-45A6-9D21-C34766AA1A94}"
EndProject
Global
	GlobalSection(SolutionConfigurationPlatforms) = preSolution
		Debug|Any CPU = Debug|Any CPU
		Release|Any CPU = Release|Any CPU
	EndGlobalSection
	GlobalSection(ProjectConfigurationPlatforms) = postSolution
		{747A39C6-B0DF-45A6-9D21-C34766AA1A94}.Debug|Any CPU.ActiveCfg = Debug|Any CPU
		{747A39C6-B0DF-45A6-9D21-C34766AA1A94}.Debug|Any CPU.Build.0 = Debug|Any CPU
		{747A39C6-B0DF-45A6-9D21-C34766AA1A94}.Release|Any CPU.ActiveCfg = Release|Any CPU
		{747A39C6-B0DF-45A6-9D21-C34766AA1A94}.Release|Any CPU.Build.0 = Release|Any CPU
	EndGlobalSection
	GlobalSection(SolutionProperties) = preSolution
		HideSolutionNode = FALSE
	EndGlobalSection
	GlobalSection(ExtensibilityGlobals) = postSolution
		SolutionGuid = {0B5F1E56-F386-4CE7-90DC-6A0E600A107E}
	EndGlobalSection
EndGlobal
